
Microsoft Visual Studio Solution File, Format Version 12.00
# Visual Studio 2013
VisualStudioVersion = 12.0.40629.0
MinimumVisualStudioVersion = 10.0.40219.1
Project("{FAE04EC0-301F-11D3-BF4B-00C04F79EFBC}") = "29Nov2016DemoAppAreas", "29Nov2016DemoAppAreas\29Nov2016DemoAppAreas.csproj", "{4AEEDA28-6955-42CD-8B84-E2A684EA4DDB}"
EndProject
Global
	GlobalSection(SolutionConfigurationPlatforms) = preSolution
		Debug|Any CPU = Debug|Any CPU
		Release|Any CPU = Release|Any CPU
	EndGlobalSection
	GlobalSection(ProjectConfigurationPlatforms) = postSolution
		{4AEEDA28-6955-42CD-8B84-E2A684EA4DDB}.Debug|Any CPU.ActiveCfg = Debug|Any CPU
		{4AEEDA28-6955-42CD-8B84-E2A684EA4DDB}.Debug|Any CPU.Build.0 = Debug|Any CPU
		{4AEEDA28-6955-42CD-8B84-E2A684EA4DDB}.Release|Any CPU.ActiveCfg = Release|Any CPU
		{4AEEDA28-6955-42CD-8B84-E2A684EA4DDB}.Release|Any CPU.Build.0 = Release|Any CPU
	EndGlobalSection
	GlobalSection(SolutionProperties) = preSolution
		HideSolutionNode = FALSE
	EndGlobalSection
EndGlobal
